{
  "name": "workspace",
  "lockfileVersion": 3,
  "requires": true,
  "packages": {
    "": {
      "devDependencies": {
        "lucide": "^1.37.0"
      }
    },
    "node_modules/lucide": {
      "version": "1.37.0",
      "resolved": "https://registry.npmjs.org/lucide/-/lucide-1.37.0.tgz",
      "integrity": "sha512-e6/YmVKk0dwJf1CVDlYfSZTLax/+a7tVPPo867aUC+VmWsGNMimWrFI/pGoDc9qkjiJqkVHar14rMwgOHMrTcw==",
      "dev": true,
      "license": "ISC"
    }
  }
}
